
Microsoft Visual Studio Solution File, Format Version 12.00
# Visual Studio Version 16
VisualStudioVersion = 16.0.30717.126
MinimumVisualStudioVersion = 10.0.40219.1
Project("{FAE04EC0-301F-11D3-BF4B-00C04F79EFBC}") = "WebAPIDB", "WebAPIDB\WebAPIDB.csproj", "{565FDC9A-E2F1-4E6A-A2AE-BF8E56CC06D2}"
EndProject
Global
	GlobalSection(SolutionConfigurationPlatforms) = preSolution
		Debug|Any CPU = Debug|Any CPU
		Release|Any CPU = Release|Any CPU
	EndGlobalSection
	GlobalSection(ProjectConfigurationPlatforms) = postSolution
		{565FDC9A-E2F1-4E6A-A2AE-BF8E56CC06D2}.Debug|Any CPU.ActiveCfg = Debug|Any CPU
		{565FDC9A-E2F1-4E6A-A2AE-BF8E56CC06D2}.Debug|Any CPU.Build.0 = Debug|Any CPU
		{565FDC9A-E2F1-4E6A-A2AE-BF8E56CC06D2}.Release|Any CPU.ActiveCfg = Release|Any CPU
		{565FDC9A-E2F1-4E6A-A2AE-BF8E56CC06D2}.Release|Any CPU.Build.0 = Release|Any CPU
	EndGlobalSection
	GlobalSection(SolutionProperties) = preSolution
		HideSolutionNode = FALSE
	EndGlobalSection
	GlobalSection(ExtensibilityGlobals) = postSolution
		SolutionGuid = {4D6CE011-7ED9-424A-A08D-110F3C822375}
	EndGlobalSection
EndGlobal
